
Microsoft Visual Studio Solution File, Format Version 12.00
# Visual Studio 15
Project("{FAE04EC0-301F-11D3-BF4B-00C04F79EFBC}") = "Scripts", "Scripts.csproj", "{E3783790-F670-9AB1-8BB6-F7AA8F2EDFFE}"
EndProject
Project("{FAE04EC0-301F-11D3-BF4B-00C04F79EFBC}") = "Tests", "Tests.csproj", "{B8D2D3BF-46EC-97BA-4036-6BB968D74559}"
EndProject
Global
	GlobalSection(SolutionConfigurationPlatforms) = preSolution
		Debug|Any CPU = Debug|Any CPU
		Release|Any CPU = Release|Any CPU
	EndGlobalSection
	GlobalSection(ProjectConfigurationPlatforms) = postSolution
		{E3783790-F670-9AB1-8BB6-F7AA8F2EDFFE}.Debug|Any CPU.ActiveCfg = Debug|Any CPU
		{E3783790-F670-9AB1-8BB6-F7AA8F2EDFFE}.Debug|Any CPU.Build.0 = Debug|Any CPU
		{E3783790-F670-9AB1-8BB6-F7AA8F2EDFFE}.Release|Any CPU.ActiveCfg = Release|Any CPU
		{E3783790-F670-9AB1-8BB6-F7AA8F2EDFFE}.Release|Any CPU.Build.0 = Release|Any CPU
		{B8D2D3BF-46EC-97BA-4036-6BB968D74559}.Debug|Any CPU.ActiveCfg = Debug|Any CPU
		{B8D2D3BF-46EC-97BA-4036-6BB968D74559}.Debug|Any CPU.Build.0 = Debug|Any CPU
		{B8D2D3BF-46EC-97BA-4036-6BB968D74559}.Release|Any CPU.ActiveCfg = Release|Any CPU
		{B8D2D3BF-46EC-97BA-4036-6BB968D74559}.Release|Any CPU.Build.0 = Release|Any CPU
	EndGlobalSection
	GlobalSection(SolutionProperties) = preSolution
		HideSolutionNode = FALSE
	EndGlobalSection
EndGlobal
